
Microsoft Visual Studio Solution File, Format Version 12.00
# Visual Studio Version 17
VisualStudioVersion = 17.13.35828.75 d17.13
MinimumVisualStudioVersion = 10.0.40219.1
Project("{FAE04EC0-301F-11D3-BF4B-00C04F79EFBC}") = "Ecommerce-JOT", "Ecommerce-JOT.csproj", "{48DFC9C6-96CF-4B7E-BC6D-053E19D2248B}"
EndProject
Global
	GlobalSection(SolutionConfigurationPlatforms) = preSolution
		Debug|Any CPU = Debug|Any CPU
		Release|Any CPU = Release|Any CPU
	EndGlobalSection
	GlobalSection(ProjectConfigurationPlatforms) = postSolution
		{48DFC9C6-96CF-4B7E-BC6D-053E19D2248B}.Debug|Any CPU.ActiveCfg = Debug|Any CPU
		{48DFC9C6-96CF-4B7E-BC6D-053E19D2248B}.Debug|Any CPU.Build.0 = Debug|Any CPU
		{48DFC9C6-96CF-4B7E-BC6D-053E19D2248B}.Release|Any CPU.ActiveCfg = Release|Any CPU
		{48DFC9C6-96CF-4B7E-BC6D-053E19D2248B}.Release|Any CPU.Build.0 = Release|Any CPU
	EndGlobalSection
	GlobalSection(SolutionProperties) = preSolution
		HideSolutionNode = FALSE
	EndGlobalSection
	GlobalSection(ExtensibilityGlobals) = postSolution
		SolutionGuid = {E7290944-6755-4088-A537-F9CA1F92B139}
	EndGlobalSection
EndGlobal
